{
  "nodes": {
    "discord": {
      "flake": false,
      "locked": {
        "narHash": "sha256-xNadtyKzaGcenXZLWlxhNjrxCBiVhCYXzXualHuwmM8=",
        "type": "tarball",
        "url": "https://dl.discordapp.net/apps/linux/0.0.19/discord-0.0.19.tar.gz"
      },
      "original": {
        "type": "tarball",
        "url": "https://dl.discordapp.net/apps/linux/0.0.19/discord-0.0.19.tar.gz"
      }
    },
    "fish-plugin-nix-env": {
      "flake": false,
      "locked": {
        "lastModified": 1638213644,
        "narHash": "sha256-RG/0rfhgq6aEKNZ0XwIqOaZ6K5S4+/Y5EEMnIdtfPhk=",
        "owner": "lilyball",
        "repo": "nix-env.fish",
        "rev": "7b65bd228429e852c8fdfa07601159130a818cfa",
        "type": "github"
      },
      "original": {
        "owner": "lilyball",
        "repo": "nix-env.fish",
        "type": "github"
      }
    },
    "fish-plugin-wd": {
      "flake": false,
      "locked": {
        "lastModified": 1610384278,
        "narHash": "sha256-tUSGO7qF12AxgljduQDIVbBxrMpzIoHeKpi1dxNSTLI=",
        "owner": "fischerling",
        "repo": "plugin-wd",
        "rev": "6cf653b199328c17c1e4b40d20a459e32316e43c",
        "type": "github"
      },
      "original": {
        "owner": "fischerling",
        "repo": "plugin-wd",
        "type": "github"
      }
    },
    "flake-utils": {
      "locked": {
        "lastModified": 1659877975,
        "narHash": "sha256-zllb8aq3YO3h8B/U0/J1WBgAL8EX5yWf5pMj3G0NAmc=",
        "owner": "numtide",
        "repo": "flake-utils",
        "rev": "c0e246b9b83f637f4681389ecabcb2681b4f3af0",
        "type": "github"
      },
      "original": {
        "owner": "numtide",
        "repo": "flake-utils",
        "type": "github"
      }
    },
    "home-manager": {
      "inputs": {
        "nixpkgs": [
          "nixpkgs"
        ],
        "utils": "utils"
      },
      "locked": {
        "lastModified": 1661573386,
        "narHash": "sha256-pBEg8iY00Af/SAtU2dlmOAv+2x7kScaGlFRDjNoVJO8=",
        "owner": "nix-community",
        "repo": "home-manager",
        "rev": "d89bdff445eadff03fe414e9c30486bc8166b72b",
        "type": "github"
      },
      "original": {
        "owner": "nix-community",
        "repo": "home-manager",
        "type": "github"
      }
    },
    "nixpkgs": {
      "locked": {
        "lastModified": 1661541451,
        "narHash": "sha256-LALyT63vpo1sftSmHAbbrj+emfCOo93Jv4xVOIcmnl0=",
        "owner": "nixos",
        "repo": "nixpkgs",
        "rev": "38e16b192af13ff6cffc8a35a25f390f1e96b585",
        "type": "github"
      },
      "original": {
        "owner": "nixos",
        "ref": "nixos-unstable",
        "repo": "nixpkgs",
        "type": "github"
      }
    },
    "root": {
      "inputs": {
        "discord": "discord",
        "fish-plugin-nix-env": "fish-plugin-nix-env",
        "fish-plugin-wd": "fish-plugin-wd",
        "flake-utils": "flake-utils",
        "home-manager": "home-manager",
        "nixpkgs": "nixpkgs"
      }
    },
    "utils": {
      "locked": {
        "lastModified": 1653893745,
        "narHash": "sha256-0jntwV3Z8//YwuOjzhV2sgJJPt+HY6KhU7VZUL0fKZQ=",
        "owner": "numtide",
        "repo": "flake-utils",
        "rev": "1ed9fb1935d260de5fe1c2f7ee0ebaae17ed2fa1",
        "type": "github"
      },
      "original": {
        "owner": "numtide",
        "repo": "flake-utils",
        "type": "github"
      }
    }
  },
  "root": "root",
  "version": 7
}
