{
  "nodes": {
    "discord": {
      "flake": false,
      "locked": {
        "narHash": "sha256-fcdP8jCcCkmPQcjciPcrXG0K/9numvbTZ2B6qCg4pNY=",
        "type": "tarball",
        "url": "https://dl.discordapp.net/apps/linux/0.0.33/discord-0.0.33.tar.gz"
      },
      "original": {
        "type": "tarball",
        "url": "https://dl.discordapp.net/apps/linux/0.0.33/discord-0.0.33.tar.gz"
      }
    },
    "fish-plugin-nix-env": {
      "flake": false,
      "locked": {
        "lastModified": 1638213644,
        "narHash": "sha256-RG/0rfhgq6aEKNZ0XwIqOaZ6K5S4+/Y5EEMnIdtfPhk=",
        "owner": "lilyball",
        "repo": "nix-env.fish",
        "rev": "7b65bd228429e852c8fdfa07601159130a818cfa",
        "type": "github"
      },
      "original": {
        "owner": "lilyball",
        "repo": "nix-env.fish",
        "type": "github"
      }
    },
    "fish-plugin-wd": {
      "flake": false,
      "locked": {
        "lastModified": 1668432021,
        "narHash": "sha256-pRTEU9T+WkFxTdeZR1EZgW9FCeBsb3VbUvwFD27ZkZ4=",
        "owner": "fischerling",
        "repo": "plugin-wd",
        "rev": "ac46fb36724fa17d97965f9829ae29c61ec1e109",
        "type": "github"
      },
      "original": {
        "owner": "fischerling",
        "repo": "plugin-wd",
        "type": "github"
      }
    },
    "flake-compat": {
      "flake": false,
      "locked": {
        "lastModified": 1673956053,
        "narHash": "sha256-4gtG9iQuiKITOjNQQeQIpoIB6b16fm+504Ch3sNKLd8=",
        "owner": "edolstra",
        "repo": "flake-compat",
        "rev": "35bb57c0c8d8b62bbfd284272c928ceb64ddbde9",
        "type": "github"
      },
      "original": {
        "owner": "edolstra",
        "repo": "flake-compat",
        "type": "github"
      }
    },
    "flake-compat_2": {
      "flake": false,
      "locked": {
        "lastModified": 1696426674,
        "narHash": "sha256-kvjfFW7WAETZlt09AgDn1MrtKzP7t90Vf7vypd3OL1U=",
        "owner": "edolstra",
        "repo": "flake-compat",
        "rev": "0f9255e01c2351cc7d116c072cb317785dd33b33",
        "type": "github"
      },
      "original": {
        "owner": "edolstra",
        "repo": "flake-compat",
        "type": "github"
      }
    },
    "flake-utils": {
      "inputs": {
        "systems": "systems"
      },
      "locked": {
        "lastModified": 1701680307,
        "narHash": "sha256-kAuep2h5ajznlPMD9rnQyffWG8EM/C73lejGofXvdM8=",
        "owner": "numtide",
        "repo": "flake-utils",
        "rev": "4022d587cbbfd70fe950c1e2083a02621806a725",
        "type": "github"
      },
      "original": {
        "owner": "numtide",
        "repo": "flake-utils",
        "type": "github"
      }
    },
    "flake-utils_2": {
      "locked": {
        "lastModified": 1676283394,
        "narHash": "sha256-XX2f9c3iySLCw54rJ/CZs+ZK6IQy7GXNY4nSOyu2QG4=",
        "owner": "numtide",
        "repo": "flake-utils",
        "rev": "3db36a8b464d0c4532ba1c7dda728f4576d6d073",
        "type": "github"
      },
      "original": {
        "owner": "numtide",
        "repo": "flake-utils",
        "type": "github"
      }
    },
    "flake-utils_3": {
      "inputs": {
        "systems": "systems_2"
      },
      "locked": {
        "lastModified": 1710146030,
        "narHash": "sha256-SZ5L6eA7HJ/nmkzGG7/ISclqe6oZdOZTNoesiInkXPQ=",
        "owner": "numtide",
        "repo": "flake-utils",
        "rev": "b1d9ab70662946ef0850d488da1c9019f3a9752a",
        "type": "github"
      },
      "original": {
        "owner": "numtide",
        "repo": "flake-utils",
        "type": "github"
      }
    },
    "flake-utils_4": {
      "locked": {
        "lastModified": 1659877975,
        "narHash": "sha256-zllb8aq3YO3h8B/U0/J1WBgAL8EX5yWf5pMj3G0NAmc=",
        "owner": "numtide",
        "repo": "flake-utils",
        "rev": "c0e246b9b83f637f4681389ecabcb2681b4f3af0",
        "type": "github"
      },
      "original": {
        "owner": "numtide",
        "repo": "flake-utils",
        "type": "github"
      }
    },
    "flake-utils_5": {
      "inputs": {
        "systems": "systems_3"
      },
      "locked": {
        "lastModified": 1710146030,
        "narHash": "sha256-SZ5L6eA7HJ/nmkzGG7/ISclqe6oZdOZTNoesiInkXPQ=",
        "owner": "numtide",
        "repo": "flake-utils",
        "rev": "b1d9ab70662946ef0850d488da1c9019f3a9752a",
        "type": "github"
      },
      "original": {
        "owner": "numtide",
        "repo": "flake-utils",
        "type": "github"
      }
    },
    "gomod2nix": {
      "inputs": {
        "nixpkgs": [
          "nix-search-cli-src",
          "nixpkgs"
        ],
        "utils": [
          "nix-search-cli-src",
          "flake-utils"
        ]
      },
      "locked": {
        "lastModified": 1662501203,
        "narHash": "sha256-4BKeqCX2zwgBiTdlc2DjGQ0CttKm0vSw0r/bdFdM/PQ=",
        "owner": "nix-community",
        "repo": "gomod2nix",
        "rev": "89cd0675b96775aa3ee86e7c0cf5bc238dd27976",
        "type": "github"
      },
      "original": {
        "owner": "nix-community",
        "repo": "gomod2nix",
        "type": "github"
      }
    },
    "home-manager": {
      "inputs": {
        "nixpkgs": [
          "nixpkgs"
        ]
      },
      "locked": {
        "lastModified": 1703499046,
        "narHash": "sha256-A6wclPJCOMEYuD28KBOBTwHEVOKy3f9yvuMFAJ55dco=",
        "owner": "nix-community",
        "repo": "home-manager",
        "rev": "d5a917bab40daf4e5f82cd27162b8a6656d3beab",
        "type": "github"
      },
      "original": {
        "owner": "nix-community",
        "repo": "home-manager",
        "type": "github"
      }
    },
    "nix-filter": {
      "locked": {
        "lastModified": 1710156097,
        "narHash": "sha256-1Wvk8UP7PXdf8bCCaEoMnOT1qe5/Duqgj+rL8sRQsSM=",
        "owner": "numtide",
        "repo": "nix-filter",
        "rev": "3342559a24e85fc164b295c3444e8a139924675b",
        "type": "github"
      },
      "original": {
        "owner": "numtide",
        "repo": "nix-filter",
        "type": "github"
      }
    },
    "nix-search-cli-src": {
      "inputs": {
        "flake-compat": "flake-compat",
        "flake-utils": "flake-utils_2",
        "gomod2nix": "gomod2nix",
        "nixpkgs": [
          "nixpkgs"
        ]
      },
      "locked": {
        "lastModified": 1694533851,
        "narHash": "sha256-YM1Lf7py79rU8aJE0PfQaMr5JWx5J1covUf1aCjRkc8=",
        "owner": "peterldowns",
        "repo": "nix-search-cli",
        "rev": "f3f1c53c72dadac06472a7112aeb486ab5dda695",
        "type": "github"
      },
      "original": {
        "owner": "peterldowns",
        "repo": "nix-search-cli",
        "type": "github"
      }
    },
    "nixpkgs": {
      "locked": {
        "lastModified": 1719082008,
        "narHash": "sha256-jHJSUH619zBQ6WdC21fFAlDxHErKVDJ5fpN0Hgx4sjs=",
        "owner": "nixos",
        "repo": "nixpkgs",
        "rev": "9693852a2070b398ee123a329e68f0dab5526681",
        "type": "github"
      },
      "original": {
        "owner": "nixos",
        "ref": "nixpkgs-unstable",
        "repo": "nixpkgs",
        "type": "github"
      }
    },
    "nixpkgs-latest": {
      "locked": {
        "lastModified": 1719285171,
        "narHash": "sha256-kOUKtKfYEh8h8goL/P6lKF4Jb0sXnEkFyEganzdTGvo=",
        "owner": "nixos",
        "repo": "nixpkgs",
        "rev": "cfb89a95f19bea461fc37228dc4d07b22fe617c2",
        "type": "github"
      },
      "original": {
        "owner": "nixos",
        "ref": "master",
        "repo": "nixpkgs",
        "type": "github"
      }
    },
    "nixpkgs-stable": {
      "locked": {
        "lastModified": 1717939328,
        "narHash": "sha256-sGD2E5WGh9jB19KA45WcYJjC3pNlSybYMhoMTWJFSkA=",
        "owner": "nixos",
        "repo": "nixpkgs",
        "rev": "a7d87b7f9b63f97c43269fa902eb89851b379687",
        "type": "github"
      },
      "original": {
        "owner": "nixos",
        "repo": "nixpkgs",
        "rev": "a7d87b7f9b63f97c43269fa902eb89851b379687",
        "type": "github"
      }
    },
    "nnn-src": {
      "flake": false,
      "locked": {
        "lastModified": 1715014628,
        "narHash": "sha256-+QSYisqB4E5Fo2cyG9Iq9DdglBmcwPBAvdEHILmYSn0=",
        "owner": "azuline",
        "repo": "nnn",
        "rev": "fa000834eff2408e57e1137953c3e799b7bafc18",
        "type": "github"
      },
      "original": {
        "owner": "azuline",
        "repo": "nnn",
        "type": "github"
      }
    },
    "nsxiv-src": {
      "flake": false,
      "locked": {
        "lastModified": 1695438023,
        "narHash": "sha256-Ie3wKvFmmqKsxNL886ton3/N2s/gbOlvz3i0vjOLe0E=",
        "owner": "azuline",
        "repo": "nsxiv",
        "rev": "6675b6a6c3d4c9e30487e7c7bae2bc63bd5079d2",
        "type": "github"
      },
      "original": {
        "owner": "azuline",
        "repo": "nsxiv",
        "type": "github"
      }
    },
    "pgmigrate-src": {
      "inputs": {
        "flake-compat": "flake-compat_2",
        "flake-utils": "flake-utils_3",
        "nix-filter": "nix-filter",
        "nixpkgs": [
          "nixpkgs"
        ]
      },
      "locked": {
        "lastModified": 1711914754,
        "narHash": "sha256-jnjzZxqBvzifcc1mr1FTUxJwUCj//5bFPcmjuHPNwMA=",
        "owner": "peterldowns",
        "repo": "pgmigrate",
        "rev": "8b7bf02f0dfbceb97223ae56a550a1676ba0d7c8",
        "type": "github"
      },
      "original": {
        "owner": "peterldowns",
        "repo": "pgmigrate",
        "type": "github"
      }
    },
    "presage-src": {
      "inputs": {
        "flake-utils": "flake-utils_4",
        "nixpkgs": [
          "nixpkgs"
        ]
      },
      "locked": {
        "lastModified": 1717939550,
        "narHash": "sha256-Kk76utT7VIrrqxIzN9NMuJnSTd4Gu0+QKOcnoIVY53M=",
        "owner": "azuline",
        "repo": "presage",
        "rev": "7b17e7d2f97b0a6e1ff666fd8efff3a8207a6264",
        "type": "github"
      },
      "original": {
        "owner": "azuline",
        "repo": "presage",
        "type": "github"
      }
    },
    "root": {
      "inputs": {
        "discord": "discord",
        "fish-plugin-nix-env": "fish-plugin-nix-env",
        "fish-plugin-wd": "fish-plugin-wd",
        "flake-utils": "flake-utils",
        "home-manager": "home-manager",
        "nix-search-cli-src": "nix-search-cli-src",
        "nixpkgs": "nixpkgs",
        "nixpkgs-latest": "nixpkgs-latest",
        "nixpkgs-stable": "nixpkgs-stable",
        "nnn-src": "nnn-src",
        "nsxiv-src": "nsxiv-src",
        "pgmigrate-src": "pgmigrate-src",
        "presage-src": "presage-src",
        "rose-src": "rose-src",
        "zathura-pdf-mupdf-src": "zathura-pdf-mupdf-src"
      }
    },
    "rose-src": {
      "inputs": {
        "flake-utils": "flake-utils_5",
        "nixpkgs": [
          "nixpkgs"
        ]
      },
      "locked": {
        "lastModified": 1717414844,
        "narHash": "sha256-dLf87VzJm5kl9v0y4DhaZNcj2rh3eHuTnUcL4o4QZ20=",
        "owner": "azuline",
        "repo": "rose",
        "rev": "79f7bf4006ce49bff1b6c1933f96ceb6dc9ef61a",
        "type": "github"
      },
      "original": {
        "owner": "azuline",
        "ref": "master",
        "repo": "rose",
        "type": "github"
      }
    },
    "systems": {
      "locked": {
        "lastModified": 1681028828,
        "narHash": "sha256-Vy1rq5AaRuLzOxct8nz4T6wlgyUR7zLU309k9mBC768=",
        "owner": "nix-systems",
        "repo": "default",
        "rev": "da67096a3b9bf56a91d16901293e51ba5b49a27e",
        "type": "github"
      },
      "original": {
        "owner": "nix-systems",
        "repo": "default",
        "type": "github"
      }
    },
    "systems_2": {
      "locked": {
        "lastModified": 1681028828,
        "narHash": "sha256-Vy1rq5AaRuLzOxct8nz4T6wlgyUR7zLU309k9mBC768=",
        "owner": "nix-systems",
        "repo": "default",
        "rev": "da67096a3b9bf56a91d16901293e51ba5b49a27e",
        "type": "github"
      },
      "original": {
        "owner": "nix-systems",
        "repo": "default",
        "type": "github"
      }
    },
    "systems_3": {
      "locked": {
        "lastModified": 1681028828,
        "narHash": "sha256-Vy1rq5AaRuLzOxct8nz4T6wlgyUR7zLU309k9mBC768=",
        "owner": "nix-systems",
        "repo": "default",
        "rev": "da67096a3b9bf56a91d16901293e51ba5b49a27e",
        "type": "github"
      },
      "original": {
        "owner": "nix-systems",
        "repo": "default",
        "type": "github"
      }
    },
    "zathura-pdf-mupdf-src": {
      "flake": false,
      "locked": {
        "lastModified": 1719445332,
        "narHash": "sha256-t6jcbjMtM+hULv/7y1IaVHC3JQcrFQ/Eze9hM4tgMb0=",
        "owner": "azuline",
        "repo": "zathura-pdf-mupdf",
        "rev": "cd4b6cb7d658fb2d1cebd26f04075c9d02bca124",
        "type": "github"
      },
      "original": {
        "owner": "azuline",
        "repo": "zathura-pdf-mupdf",
        "type": "github"
      }
    }
  },
  "root": "root",
  "version": 7
}
