{
  "nodes": {
    "discord-src": {
      "flake": false,
      "locked": {
        "lastModified": 1758558321,
        "narHash": "sha256-U5t7rEbLAc2Iy0hj0gAw6IPKVdUyiHZ6KmzP9PBMjpg=",
        "type": "tarball",
        "url": "https://dl.discordapp.net/apps/linux/0.0.111/discord-0.0.111.tar.gz"
      },
      "original": {
        "type": "tarball",
        "url": "https://dl.discordapp.net/apps/linux/0.0.111/discord-0.0.111.tar.gz"
      }
    },
    "fish-plugin-nix-env": {
      "flake": false,
      "locked": {
        "lastModified": 1638213644,
        "narHash": "sha256-RG/0rfhgq6aEKNZ0XwIqOaZ6K5S4+/Y5EEMnIdtfPhk=",
        "owner": "lilyball",
        "repo": "nix-env.fish",
        "rev": "7b65bd228429e852c8fdfa07601159130a818cfa",
        "type": "github"
      },
      "original": {
        "owner": "lilyball",
        "repo": "nix-env.fish",
        "type": "github"
      }
    },
    "fish-plugin-wd": {
      "flake": false,
      "locked": {
        "lastModified": 1668432021,
        "narHash": "sha256-pRTEU9T+WkFxTdeZR1EZgW9FCeBsb3VbUvwFD27ZkZ4=",
        "owner": "fischerling",
        "repo": "plugin-wd",
        "rev": "ac46fb36724fa17d97965f9829ae29c61ec1e109",
        "type": "github"
      },
      "original": {
        "owner": "fischerling",
        "repo": "plugin-wd",
        "type": "github"
      }
    },
    "flake-compat": {
      "flake": false,
      "locked": {
        "lastModified": 1673956053,
        "narHash": "sha256-4gtG9iQuiKITOjNQQeQIpoIB6b16fm+504Ch3sNKLd8=",
        "owner": "edolstra",
        "repo": "flake-compat",
        "rev": "35bb57c0c8d8b62bbfd284272c928ceb64ddbde9",
        "type": "github"
      },
      "original": {
        "owner": "edolstra",
        "repo": "flake-compat",
        "type": "github"
      }
    },
    "flake-compat_2": {
      "flake": false,
      "locked": {
        "lastModified": 1696426674,
        "narHash": "sha256-kvjfFW7WAETZlt09AgDn1MrtKzP7t90Vf7vypd3OL1U=",
        "owner": "edolstra",
        "repo": "flake-compat",
        "rev": "0f9255e01c2351cc7d116c072cb317785dd33b33",
        "type": "github"
      },
      "original": {
        "owner": "edolstra",
        "repo": "flake-compat",
        "type": "github"
      }
    },
    "flake-utils": {
      "inputs": {
        "systems": "systems"
      },
      "locked": {
        "lastModified": 1731533236,
        "narHash": "sha256-l0KFg5HjrsfsO/JpG+r7fRrqm12kzFHyUHqHCVpMMbI=",
        "owner": "numtide",
        "repo": "flake-utils",
        "rev": "11707dc2f618dd54ca8739b309ec4fc024de578b",
        "type": "github"
      },
      "original": {
        "owner": "numtide",
        "repo": "flake-utils",
        "type": "github"
      }
    },
    "flake-utils_2": {
      "locked": {
        "lastModified": 1676283394,
        "narHash": "sha256-XX2f9c3iySLCw54rJ/CZs+ZK6IQy7GXNY4nSOyu2QG4=",
        "owner": "numtide",
        "repo": "flake-utils",
        "rev": "3db36a8b464d0c4532ba1c7dda728f4576d6d073",
        "type": "github"
      },
      "original": {
        "owner": "numtide",
        "repo": "flake-utils",
        "type": "github"
      }
    },
    "flake-utils_3": {
      "inputs": {
        "systems": "systems_2"
      },
      "locked": {
        "lastModified": 1710146030,
        "narHash": "sha256-SZ5L6eA7HJ/nmkzGG7/ISclqe6oZdOZTNoesiInkXPQ=",
        "owner": "numtide",
        "repo": "flake-utils",
        "rev": "b1d9ab70662946ef0850d488da1c9019f3a9752a",
        "type": "github"
      },
      "original": {
        "owner": "numtide",
        "repo": "flake-utils",
        "type": "github"
      }
    },
    "flake-utils_4": {
      "locked": {
        "lastModified": 1659877975,
        "narHash": "sha256-zllb8aq3YO3h8B/U0/J1WBgAL8EX5yWf5pMj3G0NAmc=",
        "owner": "numtide",
        "repo": "flake-utils",
        "rev": "c0e246b9b83f637f4681389ecabcb2681b4f3af0",
        "type": "github"
      },
      "original": {
        "owner": "numtide",
        "repo": "flake-utils",
        "type": "github"
      }
    },
    "flake-utils_5": {
      "inputs": {
        "systems": "systems_3"
      },
      "locked": {
        "lastModified": 1731533236,
        "narHash": "sha256-l0KFg5HjrsfsO/JpG+r7fRrqm12kzFHyUHqHCVpMMbI=",
        "owner": "numtide",
        "repo": "flake-utils",
        "rev": "11707dc2f618dd54ca8739b309ec4fc024de578b",
        "type": "github"
      },
      "original": {
        "owner": "numtide",
        "repo": "flake-utils",
        "type": "github"
      }
    },
    "handy-src": {
      "flake": false,
      "locked": {
        "narHash": "sha256-ET1IdBm+yM5s+zw+Ysr5zrQfSzXTBiZdGaZJrdaVcM0=",
        "type": "file",
        "url": "https://github.com/cjpais/Handy/releases/download/v0.6.4/Handy_0.6.4_amd64.AppImage"
      },
      "original": {
        "type": "file",
        "url": "https://github.com/cjpais/Handy/releases/download/v0.6.4/Handy_0.6.4_amd64.AppImage"
      }
    },
    "home-manager": {
      "inputs": {
        "nixpkgs": [
          "nixpkgs"
        ]
      },
      "locked": {
        "lastModified": 1763844665,
        "narHash": "sha256-2F1Kfb3/uuxGXY03kqEqfdBbbuBHQHg1XC1hcEcAbvA=",
        "owner": "nix-community",
        "repo": "home-manager",
        "rev": "0b44044694010a77b2ab8effc47d603c9f6ad032",
        "type": "github"
      },
      "original": {
        "owner": "nix-community",
        "repo": "home-manager",
        "type": "github"
      }
    },
    "nix-darwin": {
      "inputs": {
        "nixpkgs": [
          "nixpkgs"
        ]
      },
      "locked": {
        "lastModified": 1763505477,
        "narHash": "sha256-nJRd4LY2kT3OELfHqdgWjvToNZ4w+zKCMzS2R6z4sXE=",
        "owner": "LnL7",
        "repo": "nix-darwin",
        "rev": "3bda9f6b14161becbd07b3c56411f1670e19b9b5",
        "type": "github"
      },
      "original": {
        "owner": "LnL7",
        "repo": "nix-darwin",
        "type": "github"
      }
    },
    "nix-filter": {
      "locked": {
        "lastModified": 1710156097,
        "narHash": "sha256-1Wvk8UP7PXdf8bCCaEoMnOT1qe5/Duqgj+rL8sRQsSM=",
        "owner": "numtide",
        "repo": "nix-filter",
        "rev": "3342559a24e85fc164b295c3444e8a139924675b",
        "type": "github"
      },
      "original": {
        "owner": "numtide",
        "repo": "nix-filter",
        "type": "github"
      }
    },
    "nix-filter_2": {
      "locked": {
        "lastModified": 1710156097,
        "narHash": "sha256-1Wvk8UP7PXdf8bCCaEoMnOT1qe5/Duqgj+rL8sRQsSM=",
        "owner": "numtide",
        "repo": "nix-filter",
        "rev": "3342559a24e85fc164b295c3444e8a139924675b",
        "type": "github"
      },
      "original": {
        "owner": "numtide",
        "repo": "nix-filter",
        "type": "github"
      }
    },
    "nix-search-cli-src": {
      "inputs": {
        "flake-compat": "flake-compat",
        "flake-utils": "flake-utils_2",
        "nix-filter": "nix-filter",
        "nixpkgs": [
          "nixpkgs"
        ]
      },
      "locked": {
        "lastModified": 1762187737,
        "narHash": "sha256-NGL9jj4y16+d0Es7aK1oxqAimZn7sdJDAxVkcY3CTcg=",
        "owner": "peterldowns",
        "repo": "nix-search-cli",
        "rev": "ab0d5156c1e3b383c250ff273639cd3dea6de2d9",
        "type": "github"
      },
      "original": {
        "owner": "peterldowns",
        "repo": "nix-search-cli",
        "type": "github"
      }
    },
    "nixpkgs": {
      "locked": {
        "lastModified": 1762977756,
        "narHash": "sha256-4PqRErxfe+2toFJFgcRKZ0UI9NSIOJa+7RXVtBhy4KE=",
        "owner": "nixos",
        "repo": "nixpkgs",
        "rev": "c5ae371f1a6a7fd27823bc500d9390b38c05fa55",
        "type": "github"
      },
      "original": {
        "owner": "nixos",
        "ref": "nixpkgs-unstable",
        "repo": "nixpkgs",
        "type": "github"
      }
    },
    "nixpkgs-latest": {
      "locked": {
        "lastModified": 1763844696,
        "narHash": "sha256-D95fvvdlvHlh0qUGWgRNQNZPm2tiee/HVmY7qqSwli0=",
        "owner": "nixos",
        "repo": "nixpkgs",
        "rev": "983ed3ef92768c35a9739940961a618f0bc382e9",
        "type": "github"
      },
      "original": {
        "owner": "nixos",
        "ref": "master",
        "repo": "nixpkgs",
        "type": "github"
      }
    },
    "nixpkgs-stable": {
      "locked": {
        "lastModified": 1763049705,
        "narHash": "sha256-A5LS0AJZ1yDPTa2fHxufZN++n8MCmtgrJDtxFxrH4S8=",
        "owner": "nixos",
        "repo": "nixpkgs",
        "rev": "3acb677ea67d4c6218f33de0db0955f116b7588c",
        "type": "github"
      },
      "original": {
        "owner": "nixos",
        "repo": "nixpkgs",
        "rev": "c8aa8cc00a5cb57fada0851a038d35c08a36a2bb",
        "type": "github"
      }
    },
    "nnn-src": {
      "flake": false,
      "locked": {
        "lastModified": 1715014628,
        "narHash": "sha256-+QSYisqB4E5Fo2cyG9Iq9DdglBmcwPBAvdEHILmYSn0=",
        "owner": "azuline",
        "repo": "nnn",
        "rev": "fa000834eff2408e57e1137953c3e799b7bafc18",
        "type": "github"
      },
      "original": {
        "owner": "azuline",
        "repo": "nnn",
        "type": "github"
      }
    },
    "nsxiv-src": {
      "flake": false,
      "locked": {
        "lastModified": 1695438023,
        "narHash": "sha256-Ie3wKvFmmqKsxNL886ton3/N2s/gbOlvz3i0vjOLe0E=",
        "owner": "azuline",
        "repo": "nsxiv",
        "rev": "6675b6a6c3d4c9e30487e7c7bae2bc63bd5079d2",
        "type": "github"
      },
      "original": {
        "owner": "azuline",
        "repo": "nsxiv",
        "type": "github"
      }
    },
    "pgmigrate-src": {
      "inputs": {
        "flake-compat": "flake-compat_2",
        "flake-utils": "flake-utils_3",
        "nix-filter": "nix-filter_2",
        "nixpkgs": [
          "nixpkgs"
        ]
      },
      "locked": {
        "lastModified": 1760983179,
        "narHash": "sha256-56grquNuVl98Ig4dBw/Z0EzCJYki4mt5yVWxPy8DnEg=",
        "owner": "peterldowns",
        "repo": "pgmigrate",
        "rev": "8963dd6b93dcab72fa088d5cbb05422091113395",
        "type": "github"
      },
      "original": {
        "owner": "peterldowns",
        "repo": "pgmigrate",
        "type": "github"
      }
    },
    "plex-ass": {
      "flake": false,
      "locked": {
        "lastModified": 1758606772,
        "narHash": "sha256-BgwLzvzV4+jWePgZPOkbY2jnO4qwL8cgaTBl4R4uMRA=",
        "owner": "ZeroQI",
        "repo": "Absolute-Series-Scanner",
        "rev": "a3af601f8e127c027edc387c1e4d64927c9f25fc",
        "type": "github"
      },
      "original": {
        "owner": "ZeroQI",
        "repo": "Absolute-Series-Scanner",
        "type": "github"
      }
    },
    "plex-hama": {
      "flake": false,
      "locked": {
        "lastModified": 1752787517,
        "narHash": "sha256-PgZAqK3Ooz8JgMqCW7hZOBzuaVjCywA6ytx33J/WqC4=",
        "owner": "ZeroQI",
        "repo": "Hama.bundle",
        "rev": "adee212b7b419790f89ed127e59e13a8e1ff63f5",
        "type": "github"
      },
      "original": {
        "owner": "ZeroQI",
        "repo": "Hama.bundle",
        "type": "github"
      }
    },
    "presage-src": {
      "inputs": {
        "flake-utils": "flake-utils_4",
        "nixpkgs": [
          "nixpkgs"
        ]
      },
      "locked": {
        "lastModified": 1717939550,
        "narHash": "sha256-Kk76utT7VIrrqxIzN9NMuJnSTd4Gu0+QKOcnoIVY53M=",
        "owner": "azuline",
        "repo": "presage",
        "rev": "7b17e7d2f97b0a6e1ff666fd8efff3a8207a6264",
        "type": "github"
      },
      "original": {
        "owner": "azuline",
        "repo": "presage",
        "type": "github"
      }
    },
    "root": {
      "inputs": {
        "discord-src": "discord-src",
        "fish-plugin-nix-env": "fish-plugin-nix-env",
        "fish-plugin-wd": "fish-plugin-wd",
        "flake-utils": "flake-utils",
        "handy-src": "handy-src",
        "home-manager": "home-manager",
        "nix-darwin": "nix-darwin",
        "nix-search-cli-src": "nix-search-cli-src",
        "nixpkgs": "nixpkgs",
        "nixpkgs-latest": "nixpkgs-latest",
        "nixpkgs-stable": "nixpkgs-stable",
        "nnn-src": "nnn-src",
        "nsxiv-src": "nsxiv-src",
        "pgmigrate-src": "pgmigrate-src",
        "plex-ass": "plex-ass",
        "plex-hama": "plex-hama",
        "presage-src": "presage-src",
        "rose-src": "rose-src",
        "zathura-pdf-mupdf-src": "zathura-pdf-mupdf-src"
      }
    },
    "rose-src": {
      "inputs": {
        "flake-utils": "flake-utils_5",
        "nixpkgs": [
          "nixpkgs"
        ]
      },
      "locked": {
        "lastModified": 1765746676,
        "narHash": "sha256-lX2lRJmCfckfAx0IrNM8FpPDxPFSgXwc0KU+XxZpHUo=",
        "owner": "azuline",
        "repo": "rose",
        "rev": "30032fde8fcacb6c1a00fcb4be73cf445aa7f141",
        "type": "github"
      },
      "original": {
        "owner": "azuline",
        "repo": "rose",
        "type": "github"
      }
    },
    "systems": {
      "locked": {
        "lastModified": 1681028828,
        "narHash": "sha256-Vy1rq5AaRuLzOxct8nz4T6wlgyUR7zLU309k9mBC768=",
        "owner": "nix-systems",
        "repo": "default",
        "rev": "da67096a3b9bf56a91d16901293e51ba5b49a27e",
        "type": "github"
      },
      "original": {
        "owner": "nix-systems",
        "repo": "default",
        "type": "github"
      }
    },
    "systems_2": {
      "locked": {
        "lastModified": 1681028828,
        "narHash": "sha256-Vy1rq5AaRuLzOxct8nz4T6wlgyUR7zLU309k9mBC768=",
        "owner": "nix-systems",
        "repo": "default",
        "rev": "da67096a3b9bf56a91d16901293e51ba5b49a27e",
        "type": "github"
      },
      "original": {
        "owner": "nix-systems",
        "repo": "default",
        "type": "github"
      }
    },
    "systems_3": {
      "locked": {
        "lastModified": 1681028828,
        "narHash": "sha256-Vy1rq5AaRuLzOxct8nz4T6wlgyUR7zLU309k9mBC768=",
        "owner": "nix-systems",
        "repo": "default",
        "rev": "da67096a3b9bf56a91d16901293e51ba5b49a27e",
        "type": "github"
      },
      "original": {
        "owner": "nix-systems",
        "repo": "default",
        "type": "github"
      }
    },
    "zathura-pdf-mupdf-src": {
      "flake": false,
      "locked": {
        "lastModified": 1749337251,
        "narHash": "sha256-OkgguhBRCc3cA3bf6kt+emQPQuVTaz4CU9YpCrhvgUg=",
        "owner": "azuline",
        "repo": "zathura-pdf-mupdf",
        "rev": "c76a613de725f0fa8827e3ceeeabd06e8ba4ea08",
        "type": "github"
      },
      "original": {
        "owner": "azuline",
        "repo": "zathura-pdf-mupdf",
        "type": "github"
      }
    }
  },
  "root": "root",
  "version": 7
}
